
Microsoft Visual Studio Solution File, Format Version 12.00
# Visual Studio Version 17
VisualStudioVersion = 17.9.34728.123
MinimumVisualStudioVersion = 10.0.40219.1
Project("{FAE04EC0-301F-11D3-BF4B-00C04F79EFBC}") = "praktika_demo", "praktika_demo\praktika_demo.csproj", "{D6EF1041-15FA-4202-9521-83D8B8CA1E70}"
EndProject
Project("{FAE04EC0-301F-11D3-BF4B-00C04F79EFBC}") = "UnitTestProject1", "UnitTestProject1\UnitTestProject1.csproj", "{F6F77F61-044C-4DEB-84FC-294A6C7DD53F}"
EndProject
Global
	GlobalSection(SolutionConfigurationPlatforms) = preSolution
		Debug|Any CPU = Debug|Any CPU
		Release|Any CPU = Release|Any CPU
	EndGlobalSection
	GlobalSection(ProjectConfigurationPlatforms) = postSolution
		{D6EF1041-15FA-4202-9521-83D8B8CA1E70}.Debug|Any CPU.ActiveCfg = Debug|Any CPU
		{D6EF1041-15FA-4202-9521-83D8B8CA1E70}.Debug|Any CPU.Build.0 = Debug|Any CPU
		{D6EF1041-15FA-4202-9521-83D8B8CA1E70}.Release|Any CPU.ActiveCfg = Release|Any CPU
		{D6EF1041-15FA-4202-9521-83D8B8CA1E70}.Release|Any CPU.Build.0 = Release|Any CPU
		{F6F77F61-044C-4DEB-84FC-294A6C7DD53F}.Debug|Any CPU.ActiveCfg = Debug|Any CPU
		{F6F77F61-044C-4DEB-84FC-294A6C7DD53F}.Debug|Any CPU.Build.0 = Debug|Any CPU
		{F6F77F61-044C-4DEB-84FC-294A6C7DD53F}.Release|Any CPU.ActiveCfg = Release|Any CPU
		{F6F77F61-044C-4DEB-84FC-294A6C7DD53F}.Release|Any CPU.Build.0 = Release|Any CPU
	EndGlobalSection
	GlobalSection(SolutionProperties) = preSolution
		HideSolutionNode = FALSE
	EndGlobalSection
	GlobalSection(ExtensibilityGlobals) = postSolution
		SolutionGuid = {476465D0-80F4-4EB4-8F2E-7433543DEB1C}
	EndGlobalSection
EndGlobal
